{
  "name": "usm.js",
  "version": "1.0.0",
  "lockfileVersion": 1,
  "requires": true,
  "dependencies": {
    "@ffmpeg/core": {
      "version": "0.7.1",
      "resolved": "https://registry.npmjs.org/@ffmpeg/core/-/core-0.7.1.tgz",
      "integrity": "sha512-o92DuHKoAGLZLpoVkm+nka++hEzqEj+1Ewy+9f9HPGwFXM5Kk9Jg8M4fMgcjoHAL0z04Z5CR4Z39E2qwS0p0rg==",
      "dev": true
    },
    "@ffmpeg/ffmpeg": {
      "version": "0.8.3",
      "resolved": "https://registry.npmjs.org/@ffmpeg/ffmpeg/-/ffmpeg-0.8.3.tgz",
      "integrity": "sha512-VtEMXMTuAYHC7NUh3E89mxbqsLxI3geAr+Z5ZQ+8VQNIl22dBtFZ1x2g76f6w+JIDZkrmjqnZ/6oc/henIEaVw==",
      "dev": true,
      "requires": {
        "@ffmpeg/core": "^0.7.1",
        "idb": "^4.0.5",
        "is-electron": "^2.2.0",
        "is-url": "^1.2.4",
        "node-fetch": "^2.6.0",
        "regenerator-runtime": "^0.13.5",
        "resolve-url": "^0.2.1"
      }
    },
    "@types/node": {
      "version": "14.0.22",
      "resolved": "https://registry.npmjs.org/@types/node/-/node-14.0.22.tgz",
      "integrity": "sha512-emeGcJvdiZ4Z3ohbmw93E/64jRzUHAItSHt8nF7M4TGgQTiWqFVGB8KNpLGFmUHmHLvjvBgFwVlqNcq+VuGv9g=="
    },
    "ffmpeg.js": {
      "version": "4.2.9003",
      "resolved": "https://registry.npmjs.org/ffmpeg.js/-/ffmpeg.js-4.2.9003.tgz",
      "integrity": "sha512-l1JBr8HwnnJEaSwg5p8K3Ifbom8O2IDHsZp7UVyr6MzQ7gc32tt/2apoOuQAr/j76c+uDOjla799VSsBnRvSTg==",
      "dev": true
    },
    "idb": {
      "version": "4.0.5",
      "resolved": "https://registry.npmjs.org/idb/-/idb-4.0.5.tgz",
      "integrity": "sha512-P+Fk9HT2h1DhXoE1YNK183SY+CRh2GHNh28de94sGwhe0bUA75JJeVJWt3SenE5p0BXK7maflIq29dl6UZHrFw==",
      "dev": true
    },
    "is-electron": {
      "version": "2.2.0",
      "resolved": "https://registry.npmjs.org/is-electron/-/is-electron-2.2.0.tgz",
      "integrity": "sha512-SpMppC2XR3YdxSzczXReBjqs2zGscWQpBIKqwXYBFic0ERaxNVgwLCHwOLZeESfdJQjX0RDvrJ1lBXX2ij+G1Q==",
      "dev": true
    },
    "is-url": {
      "version": "1.2.4",
      "resolved": "https://registry.npmjs.org/is-url/-/is-url-1.2.4.tgz",
      "integrity": "sha512-ITvGim8FhRiYe4IQ5uHSkj7pVaPDrCTkNd3yq3cV7iZAcJdHTUMPMEHcqSOy9xZ9qFenQCvi+2wjH9a1nXqHww==",
      "dev": true
    },
    "node-fetch": {
      "version": "2.6.7",
      "resolved": "https://registry.npmjs.org/node-fetch/-/node-fetch-2.6.7.tgz",
      "integrity": "sha512-ZjMPFEfVx5j+y2yF35Kzx5sF7kDzxuDj6ziH4FFbOp87zKDZNx8yExJIb05OGF4Nlt9IHFIMBkRl41VdvcNdbQ==",
      "dev": true,
      "requires": {
        "whatwg-url": "^5.0.0"
      }
    },
    "regenerator-runtime": {
      "version": "0.13.5",
      "resolved": "https://registry.npmjs.org/regenerator-runtime/-/regenerator-runtime-0.13.5.tgz",
      "integrity": "sha512-ZS5w8CpKFinUzOwW3c83oPeVXoNsrLsaCoLtJvAClH135j/R77RuymhiSErhm2lKcwSCIpmvIWSbDkIfAqKQlA==",
      "dev": true
    },
    "resolve-url": {
      "version": "0.2.1",
      "resolved": "https://registry.npmjs.org/resolve-url/-/resolve-url-0.2.1.tgz",
      "integrity": "sha1-LGN/53yJOv0qZj/iGqkIAGjiBSo=",
      "dev": true
    },
    "tr46": {
      "version": "0.0.3",
      "resolved": "https://registry.npmjs.org/tr46/-/tr46-0.0.3.tgz",
      "integrity": "sha512-N3WMsuqV66lT30CrXNbEjx4GEwlow3v6rr4mCcv6prnfwhS01rkgyFdjPNBYd9br7LpXV1+Emh01fHnq2Gdgrw==",
      "dev": true
    },
    "typescript": {
      "version": "3.9.6",
      "resolved": "https://registry.npmjs.org/typescript/-/typescript-3.9.6.tgz",
      "integrity": "sha512-Pspx3oKAPJtjNwE92YS05HQoY7z2SFyOpHo9MqJor3BXAGNaPUs83CuVp9VISFkSjyRfiTpmKuAYGJB7S7hOxw=="
    },
    "webidl-conversions": {
      "version": "3.0.1",
      "resolved": "https://registry.npmjs.org/webidl-conversions/-/webidl-conversions-3.0.1.tgz",
      "integrity": "sha512-2JAn3z8AR6rjK8Sm8orRC0h/bcl/DqL7tRPdGZ4I1CjdF+EaMLmYxBHyXuKL849eucPFhvBoxMsflfOb8kxaeQ==",
      "dev": true
    },
    "whatwg-url": {
      "version": "5.0.0",
      "resolved": "https://registry.npmjs.org/whatwg-url/-/whatwg-url-5.0.0.tgz",
      "integrity": "sha512-saE57nupxk6v3HY35+jzBwYa0rKSy0XR8JSxZPwgLr7ys0IBzhGviA1/TUGJLmSVqs8pb9AnvICXEuOHLprYTw==",
      "dev": true,
      "requires": {
        "tr46": "~0.0.3",
        "webidl-conversions": "^3.0.0"
      }
    }
  }
}
